// !$*UTF8*$!
{
	archiveVersion = 1;
	classes = {
	};
	objectVersion = 51;
	objects = {

/* Begin PBXBuildFile section */
		12A5DC0BDB1F544BE8D73EDC /* Pods_NewsApp.framework in Frameworks */ = {isa = PBXBuildFile; fileRef = 59C95FD427AFD775AFE63526 /* Pods_NewsApp.framework */; };
		474696E1249B581F0086B9B0 /* SafariService.swift in Sources */ = {isa = PBXBuildFile; fileRef = 474696E0249B581F0086B9B0 /* SafariService.swift */; };
		474696E3249B5FC60086B9B0 /* ActivityViewService.swift in Sources */ = {isa = PBXBuildFile; fileRef = 474696E2249B5FC60086B9B0 /* ActivityViewService.swift */; };
		4776A3C72365AC1500B5EB13 /* AppDelegate.swift in Sources */ = {isa = PBXBuildFile; fileRef = 4776A3C62365AC1500B5EB13 /* AppDelegate.swift */; };
		4776A3C92365AC1500B5EB13 /* SceneDelegate.swift in Sources */ = {isa = PBXBuildFile; fileRef = 4776A3C82365AC1500B5EB13 /* SceneDelegate.swift */; };
		4776A3CB2365AC1500B5EB13 /* NewsView.swift in Sources */ = {isa = PBXBuildFile; fileRef = 4776A3CA2365AC1500B5EB13 /* NewsView.swift */; };
		4776A3CE2365AC1500B5EB13 /* Main.storyboard in Resources */ = {isa = PBXBuildFile; fileRef = 4776A3CC2365AC1500B5EB13 /* Main.storyboard */; };
		4776A3D02365AC1600B5EB13 /* Assets.xcassets in Resources */ = {isa = PBXBuildFile; fileRef = 4776A3CF2365AC1600B5EB13 /* Assets.xcassets */; };
		4776A3D32365AC1600B5EB13 /* LaunchScreen.storyboard in Resources */ = {isa = PBXBuildFile; fileRef = 4776A3D12365AC1600B5EB13 /* LaunchScreen.storyboard */; };
		4776A3DC2365AEC300B5EB13 /* Article.swift in Sources */ = {isa = PBXBuildFile; fileRef = 4776A3DB2365AEC300B5EB13 /* Article.swift */; };
		4776A3DE2365AF9600B5EB13 /* NewsFeed.swift in Sources */ = {isa = PBXBuildFile; fileRef = 4776A3DD2365AF9600B5EB13 /* NewsFeed.swift */; };
		47B0D453252C3E4F00AF9838 /* NewsView + Extensions.swift in Sources */ = {isa = PBXBuildFile; fileRef = 47B0D452252C3E4F00AF9838 /* NewsView + Extensions.swift */; };
		47B0D460252C3F9500AF9838 /* NewsCell.swift in Sources */ = {isa = PBXBuildFile; fileRef = 47B0D45E252C3F9500AF9838 /* NewsCell.swift */; };
		47B0D461252C3F9500AF9838 /* NewsCell.xib in Resources */ = {isa = PBXBuildFile; fileRef = 47B0D45F252C3F9500AF9838 /* NewsCell.xib */; };
		47B0D49325333E0A00AF9838 /* HeaderView.xib in Resources */ = {isa = PBXBuildFile; fileRef = 47B0D49225333E0A00AF9838 /* HeaderView.xib */; };
		47B0D49725333E2E00AF9838 /* HeaderView.swift in Sources */ = {isa = PBXBuildFile; fileRef = 47B0D49625333E2E00AF9838 /* HeaderView.swift */; };
		47CF952C2490F19B0030DE2B /* JSONParameterEncoder.swift in Sources */ = {isa = PBXBuildFile; fileRef = 47CF952B2490F19A0030DE2B /* JSONParameterEncoder.swift */; };
		47CF952E2490F1BE0030DE2B /* ParameterEncoding.swift in Sources */ = {isa = PBXBuildFile; fileRef = 47CF952D2490F1BE0030DE2B /* ParameterEncoding.swift */; };
		47CF95302490F1E60030DE2B /* URLParameterEncoder.swift in Sources */ = {isa = PBXBuildFile; fileRef = 47CF952F2490F1E60030DE2B /* URLParameterEncoder.swift */; };
		47CF95332490F21F0030DE2B /* EndPoint.swift in Sources */ = {isa = PBXBuildFile; fileRef = 47CF95322490F21F0030DE2B /* EndPoint.swift */; };
		47CF95362490F2830030DE2B /* NetworkError.swift in Sources */ = {isa = PBXBuildFile; fileRef = 47CF95352490F2830030DE2B /* NetworkError.swift */; };
		47CF95382490F2DA0030DE2B /* NetworkManager.swift in Sources */ = {isa = PBXBuildFile; fileRef = 47CF95372490F2DA0030DE2B /* NetworkManager.swift */; };
		47CF953B2490F3300030DE2B /* EndPointType.swift in Sources */ = {isa = PBXBuildFile; fileRef = 47CF953A2490F3300030DE2B /* EndPointType.swift */; };
		47CF953D2490F3510030DE2B /* HTTPMethod.swift in Sources */ = {isa = PBXBuildFile; fileRef = 47CF953C2490F3510030DE2B /* HTTPMethod.swift */; };
		47CF953F2490F36F0030DE2B /* HTTPTask.swift in Sources */ = {isa = PBXBuildFile; fileRef = 47CF953E2490F36F0030DE2B /* HTTPTask.swift */; };
		47CF95412490F3920030DE2B /* NetworkRouterProtocol.swift in Sources */ = {isa = PBXBuildFile; fileRef = 47CF95402490F3920030DE2B /* NetworkRouterProtocol.swift */; };
		47CF95432490F4260030DE2B /* NetworkRouter.swift in Sources */ = {isa = PBXBuildFile; fileRef = 47CF95422490F4260030DE2B /* NetworkRouter.swift */; };
		47FE8092248CE96B002AB3C9 /* NewsPresenter.swift in Sources */ = {isa = PBXBuildFile; fileRef = 47FE8091248CE96B002AB3C9 /* NewsPresenter.swift */; };
		47FE8097248CECC2002AB3C9 /* NewsView.xib in Resources */ = {isa = PBXBuildFile; fileRef = 47FE8096248CECC2002AB3C9 /* NewsView.xib */; };
		47FE8099248CED8D002AB3C9 /* ModuleBuilder.swift in Sources */ = {isa = PBXBuildFile; fileRef = 47FE8098248CED8D002AB3C9 /* ModuleBuilder.swift */; };
		47FE809B248D02BA002AB3C9 /* DetailPresenter.swift in Sources */ = {isa = PBXBuildFile; fileRef = 47FE809A248D02BA002AB3C9 /* DetailPresenter.swift */; };
		47FE80A0248D0618002AB3C9 /* DetailViewController.swift in Sources */ = {isa = PBXBuildFile; fileRef = 47FE809E248D0618002AB3C9 /* DetailViewController.swift */; };
		47FE80A1248D0618002AB3C9 /* DetailViewController.xib in Resources */ = {isa = PBXBuildFile; fileRef = 47FE809F248D0618002AB3C9 /* DetailViewController.xib */; };
		47FE80A4248D17E8002AB3C9 /* Router.swift in Sources */ = {isa = PBXBuildFile; fileRef = 47FE80A3248D17E8002AB3C9 /* Router.swift */; };
		47FE80AC248D32E6002AB3C9 /* NewsAppTests.swift in Sources */ = {isa = PBXBuildFile; fileRef = 47FE80AB248D32E6002AB3C9 /* NewsAppTests.swift */; };
		47FE80B5248D3349002AB3C9 /* NewsModuleTest.swift in Sources */ = {isa = PBXBuildFile; fileRef = 47FE80B4248D3349002AB3C9 /* NewsModuleTest.swift */; };
		47FE80B7248D4505002AB3C9 /* RouterTest.swift in Sources */ = {isa = PBXBuildFile; fileRef = 47FE80B6248D4505002AB3C9 /* RouterTest.swift */; };
		61FE0F68DD4841A16FCAB71F /* Pods_NewsAppTests.framework in Frameworks */ = {isa = PBXBuildFile; fileRef = C0FD7CB691C4DBC5A3D00C08 /* Pods_NewsAppTests.framework */; };
/* End PBXBuildFile section */

/* Begin PBXContainerItemProxy section */
		47FE80AE248D32E6002AB3C9 /* PBXContainerItemProxy */ = {
			isa = PBXContainerItemProxy;
			containerPortal = 4776A3BB2365AC1500B5EB13 /* Project object */;
			proxyType = 1;
			remoteGlobalIDString = 4776A3C22365AC1500B5EB13;
			remoteInfo = NewsApp;
		};
/* End PBXContainerItemProxy section */

/* Begin PBXFileReference section */
		012D20EEF5262C2ADEAA09E5 /* Pods-NewsApp.debug.xcconfig */ = {isa = PBXFileReference; includeInIndex = 1; lastKnownFileType = text.xcconfig; name = "Pods-NewsApp.debug.xcconfig"; path = "Target Support Files/Pods-NewsApp/Pods-NewsApp.debug.xcconfig"; sourceTree = "<group>"; };
		474696E0249B581F0086B9B0 /* SafariService.swift */ = {isa = PBXFileReference; lastKnownFileType = sourcecode.swift; path = SafariService.swift; sourceTree = "<group>"; };
		474696E2249B5FC60086B9B0 /* ActivityViewService.swift */ = {isa = PBXFileReference; lastKnownFileType = sourcecode.swift; path = ActivityViewService.swift; sourceTree = "<group>"; };
		4776A3C32365AC1500B5EB13 /* NewsApp.app */ = {isa = PBXFileReference; explicitFileType = wrapper.application; includeInIndex = 0; path = NewsApp.app; sourceTree = BUILT_PRODUCTS_DIR; };
		4776A3C62365AC1500B5EB13 /* AppDelegate.swift */ = {isa = PBXFileReference; lastKnownFileType = sourcecode.swift; path = AppDelegate.swift; sourceTree = "<group>"; };
		4776A3C82365AC1500B5EB13 /* SceneDelegate.swift */ = {isa = PBXFileReference; lastKnownFileType = sourcecode.swift; path = SceneDelegate.swift; sourceTree = "<group>"; };
		4776A3CA2365AC1500B5EB13 /* NewsView.swift */ = {isa = PBXFileReference; lastKnownFileType = sourcecode.swift; path = NewsView.swift; sourceTree = "<group>"; };
		4776A3CD2365AC1500B5EB13 /* Base */ = {isa = PBXFileReference; lastKnownFileType = file.storyboard; name = Base; path = Base.lproj/Main.storyboard; sourceTree = "<group>"; };
		4776A3CF2365AC1600B5EB13 /* Assets.xcassets */ = {isa = PBXFileReference; lastKnownFileType = folder.assetcatalog; path = Assets.xcassets; sourceTree = "<group>"; };
		4776A3D22365AC1600B5EB13 /* Base */ = {isa = PBXFileReference; lastKnownFileType = file.storyboard; name = Base; path = Base.lproj/LaunchScreen.storyboard; sourceTree = "<group>"; };
		4776A3D42365AC1600B5EB13 /* Info.plist */ = {isa = PBXFileReference; lastKnownFileType = text.plist.xml; path = Info.plist; sourceTree = "<group>"; };
		4776A3DB2365AEC300B5EB13 /* Article.swift */ = {isa = PBXFileReference; lastKnownFileType = sourcecode.swift; path = Article.swift; sourceTree = "<group>"; };
		4776A3DD2365AF9600B5EB13 /* NewsFeed.swift */ = {isa = PBXFileReference; lastKnownFileType = sourcecode.swift; path = NewsFeed.swift; sourceTree = "<group>"; };
		47B0D452252C3E4F00AF9838 /* NewsView + Extensions.swift */ = {isa = PBXFileReference; lastKnownFileType = sourcecode.swift; path = "NewsView + Extensions.swift"; sourceTree = "<group>"; };
		47B0D45E252C3F9500AF9838 /* NewsCell.swift */ = {isa = PBXFileReference; lastKnownFileType = sourcecode.swift; path = NewsCell.swift; sourceTree = "<group>"; };
		47B0D45F252C3F9500AF9838 /* NewsCell.xib */ = {isa = PBXFileReference; lastKnownFileType = file.xib; path = NewsCell.xib; sourceTree = "<group>"; };
		47B0D4802531F06C00AF9838 /* MyPlayground.playground */ = {isa = PBXFileReference; lastKnownFileType = file.playground; path = MyPlayground.playground; sourceTree = "<group>"; xcLanguageSpecificationIdentifier = xcode.lang.swift; };
		47B0D49225333E0A00AF9838 /* HeaderView.xib */ = {isa = PBXFileReference; lastKnownFileType = file.xib; path = HeaderView.xib; sourceTree = "<group>"; };
		47B0D49625333E2E00AF9838 /* HeaderView.swift */ = {isa = PBXFileReference; lastKnownFileType = sourcecode.swift; path = HeaderView.swift; sourceTree = "<group>"; };
		47CF952B2490F19A0030DE2B /* JSONParameterEncoder.swift */ = {isa = PBXFileReference; lastKnownFileType = sourcecode.swift; path = JSONParameterEncoder.swift; sourceTree = "<group>"; };
		47CF952D2490F1BE0030DE2B /* ParameterEncoding.swift */ = {isa = PBXFileReference; lastKnownFileType = sourcecode.swift; path = ParameterEncoding.swift; sourceTree = "<group>"; };
		47CF952F2490F1E60030DE2B /* URLParameterEncoder.swift */ = {isa = PBXFileReference; lastKnownFileType = sourcecode.swift; path = URLParameterEncoder.swift; sourceTree = "<group>"; };
		47CF95322490F21F0030DE2B /* EndPoint.swift */ = {isa = PBXFileReference; lastKnownFileType = sourcecode.swift; path = EndPoint.swift; sourceTree = "<group>"; };
		47CF95352490F2830030DE2B /* NetworkError.swift */ = {isa = PBXFileReference; lastKnownFileType = sourcecode.swift; path = NetworkError.swift; sourceTree = "<group>"; };
		47CF95372490F2DA0030DE2B /* NetworkManager.swift */ = {isa = PBXFileReference; lastKnownFileType = sourcecode.swift; path = NetworkManager.swift; sourceTree = "<group>"; };
		47CF953A2490F3300030DE2B /* EndPointType.swift */ = {isa = PBXFileReference; lastKnownFileType = sourcecode.swift; path = EndPointType.swift; sourceTree = "<group>"; };
		47CF953C2490F3510030DE2B /* HTTPMethod.swift */ = {isa = PBXFileReference; lastKnownFileType = sourcecode.swift; path = HTTPMethod.swift; sourceTree = "<group>"; };
		47CF953E2490F36F0030DE2B /* HTTPTask.swift */ = {isa = PBXFileReference; lastKnownFileType = sourcecode.swift; path = HTTPTask.swift; sourceTree = "<group>"; };
		47CF95402490F3920030DE2B /* NetworkRouterProtocol.swift */ = {isa = PBXFileReference; lastKnownFileType = sourcecode.swift; path = NetworkRouterProtocol.swift; sourceTree = "<group>"; };
		47CF95422490F4260030DE2B /* NetworkRouter.swift */ = {isa = PBXFileReference; lastKnownFileType = sourcecode.swift; path = NetworkRouter.swift; sourceTree = "<group>"; };
		47FE8091248CE96B002AB3C9 /* NewsPresenter.swift */ = {isa = PBXFileReference; lastKnownFileType = sourcecode.swift; path = NewsPresenter.swift; sourceTree = "<group>"; };
		47FE8096248CECC2002AB3C9 /* NewsView.xib */ = {isa = PBXFileReference; lastKnownFileType = file.xib; path = NewsView.xib; sourceTree = "<group>"; };
		47FE8098248CED8D002AB3C9 /* ModuleBuilder.swift */ = {isa = PBXFileReference; lastKnownFileType = sourcecode.swift; path = ModuleBuilder.swift; sourceTree = "<group>"; };
		47FE809A248D02BA002AB3C9 /* DetailPresenter.swift */ = {isa = PBXFileReference; lastKnownFileType = sourcecode.swift; path = DetailPresenter.swift; sourceTree = "<group>"; };
		47FE809E248D0618002AB3C9 /* DetailViewController.swift */ = {isa = PBXFileReference; lastKnownFileType = sourcecode.swift; path = DetailViewController.swift; sourceTree = "<group>"; };
		47FE809F248D0618002AB3C9 /* DetailViewController.xib */ = {isa = PBXFileReference; lastKnownFileType = file.xib; path = DetailViewController.xib; sourceTree = "<group>"; };
		47FE80A3248D17E8002AB3C9 /* Router.swift */ = {isa = PBXFileReference; lastKnownFileType = sourcecode.swift; path = Router.swift; sourceTree = "<group>"; };
		47FE80A9248D32E6002AB3C9 /* NewsAppTests.xctest */ = {isa = PBXFileReference; explicitFileType = wrapper.cfbundle; includeInIndex = 0; path = NewsAppTests.xctest; sourceTree = BUILT_PRODUCTS_DIR; };
		47FE80AB248D32E6002AB3C9 /* NewsAppTests.swift */ = {isa = PBXFileReference; lastKnownFileType = sourcecode.swift; path = NewsAppTests.swift; sourceTree = "<group>"; };
		47FE80AD248D32E6002AB3C9 /* Info.plist */ = {isa = PBXFileReference; lastKnownFileType = text.plist.xml; path = Info.plist; sourceTree = "<group>"; };
		47FE80B4248D3349002AB3C9 /* NewsModuleTest.swift */ = {isa = PBXFileReference; lastKnownFileType = sourcecode.swift; path = NewsModuleTest.swift; sourceTree = "<group>"; };
		47FE80B6248D4505002AB3C9 /* RouterTest.swift */ = {isa = PBXFileReference; lastKnownFileType = sourcecode.swift; path = RouterTest.swift; sourceTree = "<group>"; };
		59C95FD427AFD775AFE63526 /* Pods_NewsApp.framework */ = {isa = PBXFileReference; explicitFileType = wrapper.framework; includeInIndex = 0; path = Pods_NewsApp.framework; sourceTree = BUILT_PRODUCTS_DIR; };
		C0FD7CB691C4DBC5A3D00C08 /* Pods_NewsAppTests.framework */ = {isa = PBXFileReference; explicitFileType = wrapper.framework; includeInIndex = 0; path = Pods_NewsAppTests.framework; sourceTree = BUILT_PRODUCTS_DIR; };
		D069FEBCB7B1329B634E25A5 /* Pods-NewsAppTests.debug.xcconfig */ = {isa = PBXFileReference; includeInIndex = 1; lastKnownFileType = text.xcconfig; name = "Pods-NewsAppTests.debug.xcconfig"; path = "Target Support Files/Pods-NewsAppTests/Pods-NewsAppTests.debug.xcconfig"; sourceTree = "<group>"; };
		D80200AFD5D5FEA6651F435D /* Pods-NewsApp.release.xcconfig */ = {isa = PBXFileReference; includeInIndex = 1; lastKnownFileType = text.xcconfig; name = "Pods-NewsApp.release.xcconfig"; path = "Target Support Files/Pods-NewsApp/Pods-NewsApp.release.xcconfig"; sourceTree = "<group>"; };
		E72F19AE0C2ABCF7347C43DC /* Pods-NewsAppTests.release.xcconfig */ = {isa = PBXFileReference; includeInIndex = 1; lastKnownFileType = text.xcconfig; name = "Pods-NewsAppTests.release.xcconfig"; path = "Target Support Files/Pods-NewsAppTests/Pods-NewsAppTests.release.xcconfig"; sourceTree = "<group>"; };
/* End PBXFileReference section */

/* Begin PBXFrameworksBuildPhase section */
		4776A3C02365AC1500B5EB13 /* Frameworks */ = {
			isa = PBXFrameworksBuildPhase;
			buildActionMask = 2147483647;
			files = (
				12A5DC0BDB1F544BE8D73EDC /* Pods_NewsApp.framework in Frameworks */,
			);
			runOnlyForDeploymentPostprocessing = 0;
		};
		47FE80A6248D32E6002AB3C9 /* Frameworks */ = {
			isa = PBXFrameworksBuildPhase;
			buildActionMask = 2147483647;
			files = (
				61FE0F68DD4841A16FCAB71F /* Pods_NewsAppTests.framework in Frameworks */,
			);
			runOnlyForDeploymentPostprocessing = 0;
		};
/* End PBXFrameworksBuildPhase section */

/* Begin PBXGroup section */
		22AAF41C8B5BDD60777A0ECA /* Frameworks */ = {
			isa = PBXGroup;
			children = (
				59C95FD427AFD775AFE63526 /* Pods_NewsApp.framework */,
				C0FD7CB691C4DBC5A3D00C08 /* Pods_NewsAppTests.framework */,
			);
			name = Frameworks;
			sourceTree = "<group>";
		};
		3330C6AF7E857D1E5C94E1D8 /* Pods */ = {
			isa = PBXGroup;
			children = (
				012D20EEF5262C2ADEAA09E5 /* Pods-NewsApp.debug.xcconfig */,
				D80200AFD5D5FEA6651F435D /* Pods-NewsApp.release.xcconfig */,
				D069FEBCB7B1329B634E25A5 /* Pods-NewsAppTests.debug.xcconfig */,
				E72F19AE0C2ABCF7347C43DC /* Pods-NewsAppTests.release.xcconfig */,
			);
			path = Pods;
			sourceTree = "<group>";
		};
		4712E15224BF62D3006C5D0F /* Application */ = {
			isa = PBXGroup;
			children = (
				4776A3C62365AC1500B5EB13 /* AppDelegate.swift */,
				4776A3C82365AC1500B5EB13 /* SceneDelegate.swift */,
				4776A3D42365AC1600B5EB13 /* Info.plist */,
			);
			path = Application;
			sourceTree = "<group>";
		};
		4712E15324BF632D006C5D0F /* Builder */ = {
			isa = PBXGroup;
			children = (
				47FE8098248CED8D002AB3C9 /* ModuleBuilder.swift */,
			);
			path = Builder;
			sourceTree = "<group>";
		};
		4712E15424BF633B006C5D0F /* Router */ = {
			isa = PBXGroup;
			children = (
				47FE80A3248D17E8002AB3C9 /* Router.swift */,
			);
			path = Router;
			sourceTree = "<group>";
		};
		4712E15524BF638D006C5D0F /* Storyboards */ = {
			isa = PBXGroup;
			children = (
				4776A3CC2365AC1500B5EB13 /* Main.storyboard */,
				4776A3D12365AC1600B5EB13 /* LaunchScreen.storyboard */,
			);
			path = Storyboards;
			sourceTree = "<group>";
		};
		4712E15624BF63AB006C5D0F /* Resources */ = {
			isa = PBXGroup;
			children = (
				4776A3CF2365AC1600B5EB13 /* Assets.xcassets */,
			);
			path = Resources;
			sourceTree = "<group>";
		};
		4743960023F9680F003C0571 /* TableViewCell */ = {
			isa = PBXGroup;
			children = (
				47B0D45E252C3F9500AF9838 /* NewsCell.swift */,
				47B0D45F252C3F9500AF9838 /* NewsCell.xib */,
			);
			path = TableViewCell;
			sourceTree = "<group>";
		};
		4743960123F96819003C0571 /* View */ = {
			isa = PBXGroup;
			children = (
				4776A3CA2365AC1500B5EB13 /* NewsView.swift */,
				47FE8096248CECC2002AB3C9 /* NewsView.xib */,
				47B0D49125333DEF00AF9838 /* Header */,
				4743960023F9680F003C0571 /* TableViewCell */,
			);
			path = View;
			sourceTree = "<group>";
		};
		4743960423F96875003C0571 /* ServiceLayer */ = {
			isa = PBXGroup;
			children = (
				47CF95312490F2110030DE2B /* EndPoint */,
				47CF95342490F26B0030DE2B /* Manager */,
				47CF95392490F31A0030DE2B /* Service */,
				47CF952A2490F1800030DE2B /* Encoding */,
			);
			path = ServiceLayer;
			sourceTree = "<group>";
		};
		4776A3BA2365AC1500B5EB13 = {
			isa = PBXGroup;
			children = (
				47B0D4802531F06C00AF9838 /* MyPlayground.playground */,
				4776A3C52365AC1500B5EB13 /* NewsApp */,
				47FE80AA248D32E6002AB3C9 /* NewsAppTests */,
				4776A3C42365AC1500B5EB13 /* Products */,
				3330C6AF7E857D1E5C94E1D8 /* Pods */,
				22AAF41C8B5BDD60777A0ECA /* Frameworks */,
			);
			sourceTree = "<group>";
		};
		4776A3C42365AC1500B5EB13 /* Products */ = {
			isa = PBXGroup;
			children = (
				4776A3C32365AC1500B5EB13 /* NewsApp.app */,
				47FE80A9248D32E6002AB3C9 /* NewsAppTests.xctest */,
			);
			name = Products;
			sourceTree = "<group>";
		};
		4776A3C52365AC1500B5EB13 /* NewsApp */ = {
			isa = PBXGroup;
			children = (
				4712E15224BF62D3006C5D0F /* Application */,
				4712E15324BF632D006C5D0F /* Builder */,
				4712E15424BF633B006C5D0F /* Router */,
				47FE809D248D0577002AB3C9 /* DetailModule */,
				47FE8094248CEBCC002AB3C9 /* NewsModule */,
				4743960423F96875003C0571 /* ServiceLayer */,
				47B0D451252C3DF600AF9838 /* Extensions */,
				4712E15524BF638D006C5D0F /* Storyboards */,
				4712E15624BF63AB006C5D0F /* Resources */,
				474696E0249B581F0086B9B0 /* SafariService.swift */,
				474696E2249B5FC60086B9B0 /* ActivityViewService.swift */,
			);
			path = NewsApp;
			sourceTree = "<group>";
		};
		4776A3DA2365AE3B00B5EB13 /* Model */ = {
			isa = PBXGroup;
			children = (
				4776A3DD2365AF9600B5EB13 /* NewsFeed.swift */,
				4776A3DB2365AEC300B5EB13 /* Article.swift */,
			);
			path = Model;
			sourceTree = "<group>";
		};
		47B0D451252C3DF600AF9838 /* Extensions */ = {
			isa = PBXGroup;
			children = (
				47B0D452252C3E4F00AF9838 /* NewsView + Extensions.swift */,
			);
			path = Extensions;
			sourceTree = "<group>";
		};
		47B0D49125333DEF00AF9838 /* Header */ = {
			isa = PBXGroup;
			children = (
				47B0D49625333E2E00AF9838 /* HeaderView.swift */,
				47B0D49225333E0A00AF9838 /* HeaderView.xib */,
			);
			path = Header;
			sourceTree = "<group>";
		};
		47CF952A2490F1800030DE2B /* Encoding */ = {
			isa = PBXGroup;
			children = (
				47CF952B2490F19A0030DE2B /* JSONParameterEncoder.swift */,
				47CF952D2490F1BE0030DE2B /* ParameterEncoding.swift */,
				47CF952F2490F1E60030DE2B /* URLParameterEncoder.swift */,
			);
			path = Encoding;
			sourceTree = "<group>";
		};
		47CF95312490F2110030DE2B /* EndPoint */ = {
			isa = PBXGroup;
			children = (
				47CF95322490F21F0030DE2B /* EndPoint.swift */,
			);
			path = EndPoint;
			sourceTree = "<group>";
		};
		47CF95342490F26B0030DE2B /* Manager */ = {
			isa = PBXGroup;
			children = (
				47CF95352490F2830030DE2B /* NetworkError.swift */,
				47CF95372490F2DA0030DE2B /* NetworkManager.swift */,
			);
			path = Manager;
			sourceTree = "<group>";
		};
		47CF95392490F31A0030DE2B /* Service */ = {
			isa = PBXGroup;
			children = (
				47CF953A2490F3300030DE2B /* EndPointType.swift */,
				47CF953C2490F3510030DE2B /* HTTPMethod.swift */,
				47CF953E2490F36F0030DE2B /* HTTPTask.swift */,
				47CF95402490F3920030DE2B /* NetworkRouterProtocol.swift */,
				47CF95422490F4260030DE2B /* NetworkRouter.swift */,
			);
			path = Service;
			sourceTree = "<group>";
		};
		47FE8094248CEBCC002AB3C9 /* NewsModule */ = {
			isa = PBXGroup;
			children = (
				4776A3DA2365AE3B00B5EB13 /* Model */,
				4743960123F96819003C0571 /* View */,
				47FE8095248CEC31002AB3C9 /* Presenter */,
			);
			path = NewsModule;
			sourceTree = "<group>";
		};
		47FE8095248CEC31002AB3C9 /* Presenter */ = {
			isa = PBXGroup;
			children = (
				47FE8091248CE96B002AB3C9 /* NewsPresenter.swift */,
			);
			path = Presenter;
			sourceTree = "<group>";
		};
		47FE809C248D0564002AB3C9 /* Presenter */ = {
			isa = PBXGroup;
			children = (
				47FE809A248D02BA002AB3C9 /* DetailPresenter.swift */,
			);
			path = Presenter;
			sourceTree = "<group>";
		};
		47FE809D248D0577002AB3C9 /* DetailModule */ = {
			isa = PBXGroup;
			children = (
				47FE80A2248D061F002AB3C9 /* View */,
				47FE809C248D0564002AB3C9 /* Presenter */,
			);
			path = DetailModule;
			sourceTree = "<group>";
		};
		47FE80A2248D061F002AB3C9 /* View */ = {
			isa = PBXGroup;
			children = (
				47FE809E248D0618002AB3C9 /* DetailViewController.swift */,
				47FE809F248D0618002AB3C9 /* DetailViewController.xib */,
			);
			path = View;
			sourceTree = "<group>";
		};
		47FE80AA248D32E6002AB3C9 /* NewsAppTests */ = {
			isa = PBXGroup;
			children = (
				47FE80B3248D3308002AB3C9 /* TestNewsModule */,
				47FE80AB248D32E6002AB3C9 /* NewsAppTests.swift */,
				47FE80AD248D32E6002AB3C9 /* Info.plist */,
			);
			path = NewsAppTests;
			sourceTree = "<group>";
		};
		47FE80B3248D3308002AB3C9 /* TestNewsModule */ = {
			isa = PBXGroup;
			children = (
				47FE80B4248D3349002AB3C9 /* NewsModuleTest.swift */,
				47FE80B6248D4505002AB3C9 /* RouterTest.swift */,
			);
			path = TestNewsModule;
			sourceTree = "<group>";
		};
/* End PBXGroup section */

/* Begin PBXNativeTarget section */
		4776A3C22365AC1500B5EB13 /* NewsApp */ = {
			isa = PBXNativeTarget;
			buildConfigurationList = 4776A3D72365AC1600B5EB13 /* Build configuration list for PBXNativeTarget "NewsApp" */;
			buildPhases = (
				A6E7EA302F072203D5B28E44 /* [CP] Check Pods Manifest.lock */,
				4776A3BF2365AC1500B5EB13 /* Sources */,
				4776A3C02365AC1500B5EB13 /* Frameworks */,
				4776A3C12365AC1500B5EB13 /* Resources */,
				1A362EC59E0073CF0CD75987 /* [CP] Embed Pods Frameworks */,
			);
			buildRules = (
			);
			dependencies = (
			);
			name = NewsApp;
			productName = NewsApp;
			productReference = 4776A3C32365AC1500B5EB13 /* NewsApp.app */;
			productType = "com.apple.product-type.application";
		};
		47FE80A8248D32E6002AB3C9 /* NewsAppTests */ = {
			isa = PBXNativeTarget;
			buildConfigurationList = 47FE80B2248D32E6002AB3C9 /* Build configuration list for PBXNativeTarget "NewsAppTests" */;
			buildPhases = (
				CD7344C24EA77FCDBF92DA71 /* [CP] Check Pods Manifest.lock */,
				47FE80A5248D32E6002AB3C9 /* Sources */,
				47FE80A6248D32E6002AB3C9 /* Frameworks */,
				47FE80A7248D32E6002AB3C9 /* Resources */,
			);
			buildRules = (
			);
			dependencies = (
				47FE80AF248D32E6002AB3C9 /* PBXTargetDependency */,
			);
			name = NewsAppTests;
			productName = NewsAppTests;
			productReference = 47FE80A9248D32E6002AB3C9 /* NewsAppTests.xctest */;
			productType = "com.apple.product-type.bundle.unit-test";
		};
/* End PBXNativeTarget section */

/* Begin PBXProject section */
		4776A3BB2365AC1500B5EB13 /* Project object */ = {
			isa = PBXProject;
			attributes = {
				LastSwiftUpdateCheck = 1150;
				LastUpgradeCheck = 1200;
				ORGANIZATIONNAME = "Pavel Bondar";
				TargetAttributes = {
					4776A3C22365AC1500B5EB13 = {
						CreatedOnToolsVersion = 11.1;
					};
					47FE80A8248D32E6002AB3C9 = {
						CreatedOnToolsVersion = 11.5;
						TestTargetID = 4776A3C22365AC1500B5EB13;
					};
				};
			};
			buildConfigurationList = 4776A3BE2365AC1500B5EB13 /* Build configuration list for PBXProject "NewsApp" */;
			compatibilityVersion = "Xcode 9.3";
			developmentRegion = en;
			hasScannedForEncodings = 0;
			knownRegions = (
				en,
				Base,
			);
			mainGroup = 4776A3BA2365AC1500B5EB13;
			productRefGroup = 4776A3C42365AC1500B5EB13 /* Products */;
			projectDirPath = "";
			projectRoot = "";
			targets = (
				4776A3C22365AC1500B5EB13 /* NewsApp */,
				47FE80A8248D32E6002AB3C9 /* NewsAppTests */,
			);
		};
/* End PBXProject section */

/* Begin PBXResourcesBuildPhase section */
		4776A3C12365AC1500B5EB13 /* Resources */ = {
			isa = PBXResourcesBuildPhase;
			buildActionMask = 2147483647;
			files = (
				47B0D461252C3F9500AF9838 /* NewsCell.xib in Resources */,
				4776A3D32365AC1600B5EB13 /* LaunchScreen.storyboard in Resources */,
				4776A3D02365AC1600B5EB13 /* Assets.xcassets in Resources */,
				47FE80A1248D0618002AB3C9 /* DetailViewController.xib in Resources */,
				4776A3CE2365AC1500B5EB13 /* Main.storyboard in Resources */,
				47FE8097248CECC2002AB3C9 /* NewsView.xib in Resources */,
				47B0D49325333E0A00AF9838 /* HeaderView.xib in Resources */,
			);
			runOnlyForDeploymentPostprocessing = 0;
		};
		47FE80A7248D32E6002AB3C9 /* Resources */ = {
			isa = PBXResourcesBuildPhase;
			buildActionMask = 2147483647;
			files = (
			);
			runOnlyForDeploymentPostprocessing = 0;
		};
/* End PBXResourcesBuildPhase section */

/* Begin PBXShellScriptBuildPhase section */
		1A362EC59E0073CF0CD75987 /* [CP] Embed Pods Frameworks */ = {
			isa = PBXShellScriptBuildPhase;
			buildActionMask = 2147483647;
			files = (
			);
			inputFileListPaths = (
				"${PODS_ROOT}/Target Support Files/Pods-NewsApp/Pods-NewsApp-frameworks-${CONFIGURATION}-input-files.xcfilelist",
			);
			name = "[CP] Embed Pods Frameworks";
			outputFileListPaths = (
				"${PODS_ROOT}/Target Support Files/Pods-NewsApp/Pods-NewsApp-frameworks-${CONFIGURATION}-output-files.xcfilelist",
			);
			runOnlyForDeploymentPostprocessing = 0;
			shellPath = /bin/sh;
			shellScript = "\"${PODS_ROOT}/Target Support Files/Pods-NewsApp/Pods-NewsApp-frameworks.sh\"\n";
			showEnvVarsInLog = 0;
		};
		A6E7EA302F072203D5B28E44 /* [CP] Check Pods Manifest.lock */ = {
			isa = PBXShellScriptBuildPhase;
			buildActionMask = 2147483647;
			files = (
			);
			inputFileListPaths = (
			);
			inputPaths = (
				"${PODS_PODFILE_DIR_PATH}/Podfile.lock",
				"${PODS_ROOT}/Manifest.lock",
			);
			name = "[CP] Check Pods Manifest.lock";
			outputFileListPaths = (
			);
			outputPaths = (
				"$(DERIVED_FILE_DIR)/Pods-NewsApp-checkManifestLockResult.txt",
			);
			runOnlyForDeploymentPostprocessing = 0;
			shellPath = /bin/sh;
			shellScript = "diff \"${PODS_PODFILE_DIR_PATH}/Podfile.lock\" \"${PODS_ROOT}/Manifest.lock\" > /dev/null\nif [ $? != 0 ] ; then\n    # print error to STDERR\n    echo \"error: The sandbox is not in sync with the Podfile.lock. Run 'pod install' or update your CocoaPods installation.\" >&2\n    exit 1\nfi\n# This output is used by Xcode 'outputs' to avoid re-running this script phase.\necho \"SUCCESS\" > \"${SCRIPT_OUTPUT_FILE_0}\"\n";
			showEnvVarsInLog = 0;
		};
		CD7344C24EA77FCDBF92DA71 /* [CP] Check Pods Manifest.lock */ = {
			isa = PBXShellScriptBuildPhase;
			buildActionMask = 2147483647;
			files = (
			);
			inputFileListPaths = (
			);
			inputPaths = (
				"${PODS_PODFILE_DIR_PATH}/Podfile.lock",
				"${PODS_ROOT}/Manifest.lock",
			);
			name = "[CP] Check Pods Manifest.lock";
			outputFileListPaths = (
			);
			outputPaths = (
				"$(DERIVED_FILE_DIR)/Pods-NewsAppTests-checkManifestLockResult.txt",
			);
			runOnlyForDeploymentPostprocessing = 0;
			shellPath = /bin/sh;
			shellScript = "diff \"${PODS_PODFILE_DIR_PATH}/Podfile.lock\" \"${PODS_ROOT}/Manifest.lock\" > /dev/null\nif [ $? != 0 ] ; then\n    # print error to STDERR\n    echo \"error: The sandbox is not in sync with the Podfile.lock. Run 'pod install' or update your CocoaPods installation.\" >&2\n    exit 1\nfi\n# This output is used by Xcode 'outputs' to avoid re-running this script phase.\necho \"SUCCESS\" > \"${SCRIPT_OUTPUT_FILE_0}\"\n";
			showEnvVarsInLog = 0;
		};
/* End PBXShellScriptBuildPhase section */

/* Begin PBXSourcesBuildPhase section */
		4776A3BF2365AC1500B5EB13 /* Sources */ = {
			isa = PBXSourcesBuildPhase;
			buildActionMask = 2147483647;
			files = (
				47CF953F2490F36F0030DE2B /* HTTPTask.swift in Sources */,
				47CF95412490F3920030DE2B /* NetworkRouterProtocol.swift in Sources */,
				47CF95382490F2DA0030DE2B /* NetworkManager.swift in Sources */,
				47CF95432490F4260030DE2B /* NetworkRouter.swift in Sources */,
				47CF95362490F2830030DE2B /* NetworkError.swift in Sources */,
				47CF952E2490F1BE0030DE2B /* ParameterEncoding.swift in Sources */,
				47CF953B2490F3300030DE2B /* EndPointType.swift in Sources */,
				47FE80A0248D0618002AB3C9 /* DetailViewController.swift in Sources */,
				4776A3DE2365AF9600B5EB13 /* NewsFeed.swift in Sources */,
				4776A3DC2365AEC300B5EB13 /* Article.swift in Sources */,
				4776A3CB2365AC1500B5EB13 /* NewsView.swift in Sources */,
				47B0D453252C3E4F00AF9838 /* NewsView + Extensions.swift in Sources */,
				47CF953D2490F3510030DE2B /* HTTPMethod.swift in Sources */,
				47CF952C2490F19B0030DE2B /* JSONParameterEncoder.swift in Sources */,
				474696E3249B5FC60086B9B0 /* ActivityViewService.swift in Sources */,
				47FE809B248D02BA002AB3C9 /* DetailPresenter.swift in Sources */,
				47FE8092248CE96B002AB3C9 /* NewsPresenter.swift in Sources */,
				474696E1249B581F0086B9B0 /* SafariService.swift in Sources */,
				47CF95302490F1E60030DE2B /* URLParameterEncoder.swift in Sources */,
				47FE80A4248D17E8002AB3C9 /* Router.swift in Sources */,
				47CF95332490F21F0030DE2B /* EndPoint.swift in Sources */,
				4776A3C72365AC1500B5EB13 /* AppDelegate.swift in Sources */,
				47FE8099248CED8D002AB3C9 /* ModuleBuilder.swift in Sources */,
				4776A3C92365AC1500B5EB13 /* SceneDelegate.swift in Sources */,
				47B0D460252C3F9500AF9838 /* NewsCell.swift in Sources */,
				47B0D49725333E2E00AF9838 /* HeaderView.swift in Sources */,
			);
			runOnlyForDeploymentPostprocessing = 0;
		};
		47FE80A5248D32E6002AB3C9 /* Sources */ = {
			isa = PBXSourcesBuildPhase;
			buildActionMask = 2147483647;
			files = (
				47FE80B5248D3349002AB3C9 /* NewsModuleTest.swift in Sources */,
				47FE80B7248D4505002AB3C9 /* RouterTest.swift in Sources */,
				47FE80AC248D32E6002AB3C9 /* NewsAppTests.swift in Sources */,
			);
			runOnlyForDeploymentPostprocessing = 0;
		};
/* End PBXSourcesBuildPhase section */

/* Begin PBXTargetDependency section */
		47FE80AF248D32E6002AB3C9 /* PBXTargetDependency */ = {
			isa = PBXTargetDependency;
			target = 4776A3C22365AC1500B5EB13 /* NewsApp */;
			targetProxy = 47FE80AE248D32E6002AB3C9 /* PBXContainerItemProxy */;
		};
/* End PBXTargetDependency section */

/* Begin PBXVariantGroup section */
		4776A3CC2365AC1500B5EB13 /* Main.storyboard */ = {
			isa = PBXVariantGroup;
			children = (
				4776A3CD2365AC1500B5EB13 /* Base */,
			);
			name = Main.storyboard;
			sourceTree = "<group>";
		};
		4776A3D12365AC1600B5EB13 /* LaunchScreen.storyboard */ = {
			isa = PBXVariantGroup;
			children = (
				4776A3D22365AC1600B5EB13 /* Base */,
			);
			name = LaunchScreen.storyboard;
			sourceTree = "<group>";
		};
/* End PBXVariantGroup section */

/* Begin XCBuildConfiguration section */
		4776A3D52365AC1600B5EB13 /* Debug */ = {
			isa = XCBuildConfiguration;
			buildSettings = {
				ALWAYS_SEARCH_USER_PATHS = NO;
				CLANG_ANALYZER_NONNULL = YES;
				CLANG_ANALYZER_NUMBER_OBJECT_CONVERSION = YES_AGGRESSIVE;
				CLANG_CXX_LANGUAGE_STANDARD = "gnu++14";
				CLANG_CXX_LIBRARY = "libc++";
				CLANG_ENABLE_MODULES = YES;
				CLANG_ENABLE_OBJC_ARC = YES;
				CLANG_ENABLE_OBJC_WEAK = YES;
				CLANG_WARN_BLOCK_CAPTURE_AUTORELEASING = YES;
				CLANG_WARN_BOOL_CONVERSION = YES;
				CLANG_WARN_COMMA = YES;
				CLANG_WARN_CONSTANT_CONVERSION = YES;
				CLANG_WARN_DEPRECATED_OBJC_IMPLEMENTATIONS = YES;
				CLANG_WARN_DIRECT_OBJC_ISA_USAGE = YES_ERROR;
				CLANG_WARN_DOCUMENTATION_COMMENTS = YES;
				CLANG_WARN_EMPTY_BODY = YES;
				CLANG_WARN_ENUM_CONVERSION = YES;
				CLANG_WARN_INFINITE_RECURSION = YES;
				CLANG_WARN_INT_CONVERSION = YES;
				CLANG_WARN_NON_LITERAL_NULL_CONVERSION = YES;
				CLANG_WARN_OBJC_IMPLICIT_RETAIN_SELF = YES;
				CLANG_WARN_OBJC_LITERAL_CONVERSION = YES;
				CLANG_WARN_OBJC_ROOT_CLASS = YES_ERROR;
				CLANG_WARN_QUOTED_INCLUDE_IN_FRAMEWORK_HEADER = YES;
				CLANG_WARN_RANGE_LOOP_ANALYSIS = YES;
				CLANG_WARN_STRICT_PROTOTYPES = YES;
				CLANG_WARN_SUSPICIOUS_MOVE = YES;
				CLANG_WARN_UNGUARDED_AVAILABILITY = YES_AGGRESSIVE;
				CLANG_WARN_UNREACHABLE_CODE = YES;
				CLANG_WARN__DUPLICATE_METHOD_MATCH = YES;
				COPY_PHASE_STRIP = NO;
				DEBUG_INFORMATION_FORMAT = dwarf;
				ENABLE_STRICT_OBJC_MSGSEND = YES;
				ENABLE_TESTABILITY = YES;
				GCC_C_LANGUAGE_STANDARD = gnu11;
				GCC_DYNAMIC_NO_PIC = NO;
				GCC_NO_COMMON_BLOCKS = YES;
				GCC_OPTIMIZATION_LEVEL = 0;
				GCC_PREPROCESSOR_DEFINITIONS = (
					"DEBUG=1",
					"$(inherited)",
				);
				GCC_WARN_64_TO_32_BIT_CONVERSION = YES;
				GCC_WARN_ABOUT_RETURN_TYPE = YES_ERROR;
				GCC_WARN_UNDECLARED_SELECTOR = YES;
				GCC_WARN_UNINITIALIZED_AUTOS = YES_AGGRESSIVE;
				GCC_WARN_UNUSED_FUNCTION = YES;
				GCC_WARN_UNUSED_VARIABLE = YES;
				IPHONEOS_DEPLOYMENT_TARGET = 13.1;
				MTL_ENABLE_DEBUG_INFO = INCLUDE_SOURCE;
				MTL_FAST_MATH = YES;
				ONLY_ACTIVE_ARCH = YES;
				SDKROOT = iphoneos;
				SWIFT_ACTIVE_COMPILATION_CONDITIONS = DEBUG;
				SWIFT_OPTIMIZATION_LEVEL = "-Onone";
			};
			name = Debug;
		};
		4776A3D62365AC1600B5EB13 /* Release */ = {
			isa = XCBuildConfiguration;
			buildSettings = {
				ALWAYS_SEARCH_USER_PATHS = NO;
				CLANG_ANALYZER_NONNULL = YES;
				CLANG_ANALYZER_NUMBER_OBJECT_CONVERSION = YES_AGGRESSIVE;
				CLANG_CXX_LANGUAGE_STANDARD = "gnu++14";
				CLANG_CXX_LIBRARY = "libc++";
				CLANG_ENABLE_MODULES = YES;
				CLANG_ENABLE_OBJC_ARC = YES;
				CLANG_ENABLE_OBJC_WEAK = YES;
				CLANG_WARN_BLOCK_CAPTURE_AUTORELEASING = YES;
				CLANG_WARN_BOOL_CONVERSION = YES;
				CLANG_WARN_COMMA = YES;
				CLANG_WARN_CONSTANT_CONVERSION = YES;
				CLANG_WARN_DEPRECATED_OBJC_IMPLEMENTATIONS = YES;
				CLANG_WARN_DIRECT_OBJC_ISA_USAGE = YES_ERROR;
				CLANG_WARN_DOCUMENTATION_COMMENTS = YES;
				CLANG_WARN_EMPTY_BODY = YES;
				CLANG_WARN_ENUM_CONVERSION = YES;
				CLANG_WARN_INFINITE_RECURSION = YES;
				CLANG_WARN_INT_CONVERSION = YES;
				CLANG_WARN_NON_LITERAL_NULL_CONVERSION = YES;
				CLANG_WARN_OBJC_IMPLICIT_RETAIN_SELF = YES;
				CLANG_WARN_OBJC_LITERAL_CONVERSION = YES;
				CLANG_WARN_OBJC_ROOT_CLASS = YES_ERROR;
				CLANG_WARN_QUOTED_INCLUDE_IN_FRAMEWORK_HEADER = YES;
				CLANG_WARN_RANGE_LOOP_ANALYSIS = YES;
				CLANG_WARN_STRICT_PROTOTYPES = YES;
				CLANG_WARN_SUSPICIOUS_MOVE = YES;
				CLANG_WARN_UNGUARDED_AVAILABILITY = YES_AGGRESSIVE;
				CLANG_WARN_UNREACHABLE_CODE = YES;
				CLANG_WARN__DUPLICATE_METHOD_MATCH = YES;
				COPY_PHASE_STRIP = NO;
				DEBUG_INFORMATION_FORMAT = "dwarf-with-dsym";
				ENABLE_NS_ASSERTIONS = NO;
				ENABLE_STRICT_OBJC_MSGSEND = YES;
				GCC_C_LANGUAGE_STANDARD = gnu11;
				GCC_NO_COMMON_BLOCKS = YES;
				GCC_WARN_64_TO_32_BIT_CONVERSION = YES;
				GCC_WARN_ABOUT_RETURN_TYPE = YES_ERROR;
				GCC_WARN_UNDECLARED_SELECTOR = YES;
				GCC_WARN_UNINITIALIZED_AUTOS = YES_AGGRESSIVE;
				GCC_WARN_UNUSED_FUNCTION = YES;
				GCC_WARN_UNUSED_VARIABLE = YES;
				IPHONEOS_DEPLOYMENT_TARGET = 13.1;
				MTL_ENABLE_DEBUG_INFO = NO;
				MTL_FAST_MATH = YES;
				SDKROOT = iphoneos;
				SWIFT_COMPILATION_MODE = wholemodule;
				SWIFT_OPTIMIZATION_LEVEL = "-O";
				VALIDATE_PRODUCT = YES;
			};
			name = Release;
		};
		4776A3D82365AC1600B5EB13 /* Debug */ = {
			isa = XCBuildConfiguration;
			baseConfigurationReference = 012D20EEF5262C2ADEAA09E5 /* Pods-NewsApp.debug.xcconfig */;
			buildSettings = {
				ASSETCATALOG_COMPILER_APPICON_NAME = AppIcon;
				CODE_SIGN_STYLE = Automatic;
				DEVELOPMENT_TEAM = Z67C29K2Q6;
				INFOPLIST_FILE = NewsApp/Application/Info.plist;
				LD_RUNPATH_SEARCH_PATHS = (
					"$(inherited)",
					"@executable_path/Frameworks",
				);
				PRODUCT_BUNDLE_IDENTIFIER = PB.NewsApp;
				PRODUCT_NAME = "$(TARGET_NAME)";
				SWIFT_VERSION = 5.0;
				TARGETED_DEVICE_FAMILY = "1,2";
			};
			name = Debug;
		};
		4776A3D92365AC1600B5EB13 /* Release */ = {
			isa = XCBuildConfiguration;
			baseConfigurationReference = D80200AFD5D5FEA6651F435D /* Pods-NewsApp.release.xcconfig */;
			buildSettings = {
				ASSETCATALOG_COMPILER_APPICON_NAME = AppIcon;
				CODE_SIGN_STYLE = Automatic;
				DEVELOPMENT_TEAM = Z67C29K2Q6;
				INFOPLIST_FILE = NewsApp/Application/Info.plist;
				LD_RUNPATH_SEARCH_PATHS = (
					"$(inherited)",
					"@executable_path/Frameworks",
				);
				PRODUCT_BUNDLE_IDENTIFIER = PB.NewsApp;
				PRODUCT_NAME = "$(TARGET_NAME)";
				SWIFT_VERSION = 5.0;
				TARGETED_DEVICE_FAMILY = "1,2";
			};
			name = Release;
		};
		47FE80B0248D32E6002AB3C9 /* Debug */ = {
			isa = XCBuildConfiguration;
			baseConfigurationReference = D069FEBCB7B1329B634E25A5 /* Pods-NewsAppTests.debug.xcconfig */;
			buildSettings = {
				BUNDLE_LOADER = "$(TEST_HOST)";
				CODE_SIGN_STYLE = Automatic;
				DEVELOPMENT_TEAM = Z67C29K2Q6;
				INFOPLIST_FILE = NewsAppTests/Info.plist;
				IPHONEOS_DEPLOYMENT_TARGET = 13.5;
				LD_RUNPATH_SEARCH_PATHS = (
					"$(inherited)",
					"@executable_path/Frameworks",
					"@loader_path/Frameworks",
				);
				PRODUCT_BUNDLE_IDENTIFIER = com.NewsAppTests;
				PRODUCT_NAME = "$(TARGET_NAME)";
				SWIFT_VERSION = 5.0;
				TARGETED_DEVICE_FAMILY = "1,2";
				TEST_HOST = "$(BUILT_PRODUCTS_DIR)/NewsApp.app/NewsApp";
			};
			name = Debug;
		};
		47FE80B1248D32E6002AB3C9 /* Release */ = {
			isa = XCBuildConfiguration;
			baseConfigurationReference = E72F19AE0C2ABCF7347C43DC /* Pods-NewsAppTests.release.xcconfig */;
			buildSettings = {
				BUNDLE_LOADER = "$(TEST_HOST)";
				CODE_SIGN_STYLE = Automatic;
				DEVELOPMENT_TEAM = Z67C29K2Q6;
				INFOPLIST_FILE = NewsAppTests/Info.plist;
				IPHONEOS_DEPLOYMENT_TARGET = 13.5;
				LD_RUNPATH_SEARCH_PATHS = (
					"$(inherited)",
					"@executable_path/Frameworks",
					"@loader_path/Frameworks",
				);
				PRODUCT_BUNDLE_IDENTIFIER = com.NewsAppTests;
				PRODUCT_NAME = "$(TARGET_NAME)";
				SWIFT_VERSION = 5.0;
				TARGETED_DEVICE_FAMILY = "1,2";
				TEST_HOST = "$(BUILT_PRODUCTS_DIR)/NewsApp.app/NewsApp";
			};
			name = Release;
		};
/* End XCBuildConfiguration section */

/* Begin XCConfigurationList section */
		4776A3BE2365AC1500B5EB13 /* Build configuration list for PBXProject "NewsApp" */ = {
			isa = XCConfigurationList;
			buildConfigurations = (
				4776A3D52365AC1600B5EB13 /* Debug */,
				4776A3D62365AC1600B5EB13 /* Release */,
			);
			defaultConfigurationIsVisible = 0;
			defaultConfigurationName = Release;
		};
		4776A3D72365AC1600B5EB13 /* Build configuration list for PBXNativeTarget "NewsApp" */ = {
			isa = XCConfigurationList;
			buildConfigurations = (
				4776A3D82365AC1600B5EB13 /* Debug */,
				4776A3D92365AC1600B5EB13 /* Release */,
			);
			defaultConfigurationIsVisible = 0;
			defaultConfigurationName = Release;
		};
		47FE80B2248D32E6002AB3C9 /* Build configuration list for PBXNativeTarget "NewsAppTests" */ = {
			isa = XCConfigurationList;
			buildConfigurations = (
				47FE80B0248D32E6002AB3C9 /* Debug */,
				47FE80B1248D32E6002AB3C9 /* Release */,
			);
			defaultConfigurationIsVisible = 0;
			defaultConfigurationName = Release;
		};
/* End XCConfigurationList section */
	};
	rootObject = 4776A3BB2365AC1500B5EB13 /* Project object */;
}
