// !$*UTF8*$!
{
	archiveVersion = 1;
	classes = {
	};
	objectVersion = 50;
	objects = {

/* Begin PBXBuildFile section */
		4743960323F9686C003C0571 /* NetworkService.swift in Sources */ = {isa = PBXBuildFile; fileRef = 4743960223F9686C003C0571 /* NetworkService.swift */; };
		47457B3423F210E700093A5E /* NewsCell.swift in Sources */ = {isa = PBXBuildFile; fileRef = 47457B3323F210E700093A5E /* NewsCell.swift */; };
		4776A3C72365AC1500B5EB13 /* AppDelegate.swift in Sources */ = {isa = PBXBuildFile; fileRef = 4776A3C62365AC1500B5EB13 /* AppDelegate.swift */; };
		4776A3C92365AC1500B5EB13 /* SceneDelegate.swift in Sources */ = {isa = PBXBuildFile; fileRef = 4776A3C82365AC1500B5EB13 /* SceneDelegate.swift */; };
		4776A3CB2365AC1500B5EB13 /* NewsViewController.swift in Sources */ = {isa = PBXBuildFile; fileRef = 4776A3CA2365AC1500B5EB13 /* NewsViewController.swift */; };
		4776A3CE2365AC1500B5EB13 /* Main.storyboard in Resources */ = {isa = PBXBuildFile; fileRef = 4776A3CC2365AC1500B5EB13 /* Main.storyboard */; };
		4776A3D02365AC1600B5EB13 /* Assets.xcassets in Resources */ = {isa = PBXBuildFile; fileRef = 4776A3CF2365AC1600B5EB13 /* Assets.xcassets */; };
		4776A3D32365AC1600B5EB13 /* LaunchScreen.storyboard in Resources */ = {isa = PBXBuildFile; fileRef = 4776A3D12365AC1600B5EB13 /* LaunchScreen.storyboard */; };
		4776A3DC2365AEC300B5EB13 /* Article.swift in Sources */ = {isa = PBXBuildFile; fileRef = 4776A3DB2365AEC300B5EB13 /* Article.swift */; };
		4776A3DE2365AF9600B5EB13 /* NewsFeed.swift in Sources */ = {isa = PBXBuildFile; fileRef = 4776A3DD2365AF9600B5EB13 /* NewsFeed.swift */; };
		47FE8092248CE96B002AB3C9 /* NewsPresenter.swift in Sources */ = {isa = PBXBuildFile; fileRef = 47FE8091248CE96B002AB3C9 /* NewsPresenter.swift */; };
		47FE8097248CECC2002AB3C9 /* NewsViewController.xib in Resources */ = {isa = PBXBuildFile; fileRef = 47FE8096248CECC2002AB3C9 /* NewsViewController.xib */; };
		47FE8099248CED8D002AB3C9 /* ModuleBuilder.swift in Sources */ = {isa = PBXBuildFile; fileRef = 47FE8098248CED8D002AB3C9 /* ModuleBuilder.swift */; };
		47FE809B248D02BA002AB3C9 /* DetailPresenter.swift in Sources */ = {isa = PBXBuildFile; fileRef = 47FE809A248D02BA002AB3C9 /* DetailPresenter.swift */; };
/* End PBXBuildFile section */

/* Begin PBXFileReference section */
		4743960223F9686C003C0571 /* NetworkService.swift */ = {isa = PBXFileReference; lastKnownFileType = sourcecode.swift; path = NetworkService.swift; sourceTree = "<group>"; };
		47457B3323F210E700093A5E /* NewsCell.swift */ = {isa = PBXFileReference; lastKnownFileType = sourcecode.swift; path = NewsCell.swift; sourceTree = "<group>"; };
		4776A3C32365AC1500B5EB13 /* NewsApp.app */ = {isa = PBXFileReference; explicitFileType = wrapper.application; includeInIndex = 0; path = NewsApp.app; sourceTree = BUILT_PRODUCTS_DIR; };
		4776A3C62365AC1500B5EB13 /* AppDelegate.swift */ = {isa = PBXFileReference; lastKnownFileType = sourcecode.swift; path = AppDelegate.swift; sourceTree = "<group>"; };
		4776A3C82365AC1500B5EB13 /* SceneDelegate.swift */ = {isa = PBXFileReference; lastKnownFileType = sourcecode.swift; path = SceneDelegate.swift; sourceTree = "<group>"; };
		4776A3CA2365AC1500B5EB13 /* NewsViewController.swift */ = {isa = PBXFileReference; lastKnownFileType = sourcecode.swift; path = NewsViewController.swift; sourceTree = "<group>"; };
		4776A3CD2365AC1500B5EB13 /* Base */ = {isa = PBXFileReference; lastKnownFileType = file.storyboard; name = Base; path = Base.lproj/Main.storyboard; sourceTree = "<group>"; };
		4776A3CF2365AC1600B5EB13 /* Assets.xcassets */ = {isa = PBXFileReference; lastKnownFileType = folder.assetcatalog; path = Assets.xcassets; sourceTree = "<group>"; };
		4776A3D22365AC1600B5EB13 /* Base */ = {isa = PBXFileReference; lastKnownFileType = file.storyboard; name = Base; path = Base.lproj/LaunchScreen.storyboard; sourceTree = "<group>"; };
		4776A3D42365AC1600B5EB13 /* Info.plist */ = {isa = PBXFileReference; lastKnownFileType = text.plist.xml; path = Info.plist; sourceTree = "<group>"; };
		4776A3DB2365AEC300B5EB13 /* Article.swift */ = {isa = PBXFileReference; lastKnownFileType = sourcecode.swift; path = Article.swift; sourceTree = "<group>"; };
		4776A3DD2365AF9600B5EB13 /* NewsFeed.swift */ = {isa = PBXFileReference; lastKnownFileType = sourcecode.swift; path = NewsFeed.swift; sourceTree = "<group>"; };
		47FE8091248CE96B002AB3C9 /* NewsPresenter.swift */ = {isa = PBXFileReference; lastKnownFileType = sourcecode.swift; path = NewsPresenter.swift; sourceTree = "<group>"; };
		47FE8096248CECC2002AB3C9 /* NewsViewController.xib */ = {isa = PBXFileReference; lastKnownFileType = file.xib; path = NewsViewController.xib; sourceTree = "<group>"; };
		47FE8098248CED8D002AB3C9 /* ModuleBuilder.swift */ = {isa = PBXFileReference; lastKnownFileType = sourcecode.swift; path = ModuleBuilder.swift; sourceTree = "<group>"; };
		47FE809A248D02BA002AB3C9 /* DetailPresenter.swift */ = {isa = PBXFileReference; lastKnownFileType = sourcecode.swift; path = DetailPresenter.swift; sourceTree = "<group>"; };
/* End PBXFileReference section */

/* Begin PBXFrameworksBuildPhase section */
		4776A3C02365AC1500B5EB13 /* Frameworks */ = {
			isa = PBXFrameworksBuildPhase;
			buildActionMask = 2147483647;
			files = (
			);
			runOnlyForDeploymentPostprocessing = 0;
		};
/* End PBXFrameworksBuildPhase section */

/* Begin PBXGroup section */
		4743960023F9680F003C0571 /* TableViewCell */ = {
			isa = PBXGroup;
			children = (
				47457B3323F210E700093A5E /* NewsCell.swift */,
			);
			path = TableViewCell;
			sourceTree = "<group>";
		};
		4743960123F96819003C0571 /* View */ = {
			isa = PBXGroup;
			children = (
				4776A3CA2365AC1500B5EB13 /* NewsViewController.swift */,
				47FE8096248CECC2002AB3C9 /* NewsViewController.xib */,
				4743960023F9680F003C0571 /* TableViewCell */,
			);
			path = View;
			sourceTree = "<group>";
		};
		4743960423F96875003C0571 /* ServiceLayer */ = {
			isa = PBXGroup;
			children = (
				4743960223F9686C003C0571 /* NetworkService.swift */,
			);
			path = ServiceLayer;
			sourceTree = "<group>";
		};
		4776A3BA2365AC1500B5EB13 = {
			isa = PBXGroup;
			children = (
				4776A3C52365AC1500B5EB13 /* NewsApp */,
				4776A3C42365AC1500B5EB13 /* Products */,
			);
			sourceTree = "<group>";
		};
		4776A3C42365AC1500B5EB13 /* Products */ = {
			isa = PBXGroup;
			children = (
				4776A3C32365AC1500B5EB13 /* NewsApp.app */,
			);
			name = Products;
			sourceTree = "<group>";
		};
		4776A3C52365AC1500B5EB13 /* NewsApp */ = {
			isa = PBXGroup;
			children = (
				4776A3C62365AC1500B5EB13 /* AppDelegate.swift */,
				4776A3C82365AC1500B5EB13 /* SceneDelegate.swift */,
				47FE8098248CED8D002AB3C9 /* ModuleBuilder.swift */,
				47FE809D248D0577002AB3C9 /* DetailModule */,
				47FE8094248CEBCC002AB3C9 /* NewsModule */,
				4743960423F96875003C0571 /* ServiceLayer */,
				4776A3CC2365AC1500B5EB13 /* Main.storyboard */,
				4776A3CF2365AC1600B5EB13 /* Assets.xcassets */,
				4776A3D12365AC1600B5EB13 /* LaunchScreen.storyboard */,
				4776A3D42365AC1600B5EB13 /* Info.plist */,
			);
			path = NewsApp;
			sourceTree = "<group>";
		};
		4776A3DA2365AE3B00B5EB13 /* Model */ = {
			isa = PBXGroup;
			children = (
				4776A3DD2365AF9600B5EB13 /* NewsFeed.swift */,
				4776A3DB2365AEC300B5EB13 /* Article.swift */,
			);
			path = Model;
			sourceTree = "<group>";
		};
		47FE8094248CEBCC002AB3C9 /* NewsModule */ = {
			isa = PBXGroup;
			children = (
				4776A3DA2365AE3B00B5EB13 /* Model */,
				4743960123F96819003C0571 /* View */,
				47FE8095248CEC31002AB3C9 /* Presenter */,
			);
			path = NewsModule;
			sourceTree = "<group>";
		};
		47FE8095248CEC31002AB3C9 /* Presenter */ = {
			isa = PBXGroup;
			children = (
				47FE8091248CE96B002AB3C9 /* NewsPresenter.swift */,
			);
			path = Presenter;
			sourceTree = "<group>";
		};
		47FE809C248D0564002AB3C9 /* Presenter */ = {
			isa = PBXGroup;
			children = (
				47FE809A248D02BA002AB3C9 /* DetailPresenter.swift */,
			);
			path = Presenter;
			sourceTree = "<group>";
		};
		47FE809D248D0577002AB3C9 /* DetailModule */ = {
			isa = PBXGroup;
			children = (
				47FE809C248D0564002AB3C9 /* Presenter */,
			);
			path = DetailModule;
			sourceTree = "<group>";
		};
/* End PBXGroup section */

/* Begin PBXNativeTarget section */
		4776A3C22365AC1500B5EB13 /* NewsApp */ = {
			isa = PBXNativeTarget;
			buildConfigurationList = 4776A3D72365AC1600B5EB13 /* Build configuration list for PBXNativeTarget "NewsApp" */;
			buildPhases = (
				4776A3BF2365AC1500B5EB13 /* Sources */,
				4776A3C02365AC1500B5EB13 /* Frameworks */,
				4776A3C12365AC1500B5EB13 /* Resources */,
			);
			buildRules = (
			);
			dependencies = (
			);
			name = NewsApp;
			productName = NewsApp;
			productReference = 4776A3C32365AC1500B5EB13 /* NewsApp.app */;
			productType = "com.apple.product-type.application";
		};
/* End PBXNativeTarget section */

/* Begin PBXProject section */
		4776A3BB2365AC1500B5EB13 /* Project object */ = {
			isa = PBXProject;
			attributes = {
				LastSwiftUpdateCheck = 1110;
				LastUpgradeCheck = 1110;
				ORGANIZATIONNAME = "Pavel Bondar";
				TargetAttributes = {
					4776A3C22365AC1500B5EB13 = {
						CreatedOnToolsVersion = 11.1;
					};
				};
			};
			buildConfigurationList = 4776A3BE2365AC1500B5EB13 /* Build configuration list for PBXProject "NewsApp" */;
			compatibilityVersion = "Xcode 9.3";
			developmentRegion = en;
			hasScannedForEncodings = 0;
			knownRegions = (
				en,
				Base,
			);
			mainGroup = 4776A3BA2365AC1500B5EB13;
			productRefGroup = 4776A3C42365AC1500B5EB13 /* Products */;
			projectDirPath = "";
			projectRoot = "";
			targets = (
				4776A3C22365AC1500B5EB13 /* NewsApp */,
			);
		};
/* End PBXProject section */

/* Begin PBXResourcesBuildPhase section */
		4776A3C12365AC1500B5EB13 /* Resources */ = {
			isa = PBXResourcesBuildPhase;
			buildActionMask = 2147483647;
			files = (
				4776A3D32365AC1600B5EB13 /* LaunchScreen.storyboard in Resources */,
				4776A3D02365AC1600B5EB13 /* Assets.xcassets in Resources */,
				4776A3CE2365AC1500B5EB13 /* Main.storyboard in Resources */,
				47FE8097248CECC2002AB3C9 /* NewsViewController.xib in Resources */,
			);
			runOnlyForDeploymentPostprocessing = 0;
		};
/* End PBXResourcesBuildPhase section */

/* Begin PBXSourcesBuildPhase section */
		4776A3BF2365AC1500B5EB13 /* Sources */ = {
			isa = PBXSourcesBuildPhase;
			buildActionMask = 2147483647;
			files = (
				4776A3DE2365AF9600B5EB13 /* NewsFeed.swift in Sources */,
				4776A3DC2365AEC300B5EB13 /* Article.swift in Sources */,
				4776A3CB2365AC1500B5EB13 /* NewsViewController.swift in Sources */,
				47FE809B248D02BA002AB3C9 /* DetailPresenter.swift in Sources */,
				47FE8092248CE96B002AB3C9 /* NewsPresenter.swift in Sources */,
				4776A3C72365AC1500B5EB13 /* AppDelegate.swift in Sources */,
				47FE8099248CED8D002AB3C9 /* ModuleBuilder.swift in Sources */,
				4743960323F9686C003C0571 /* NetworkService.swift in Sources */,
				47457B3423F210E700093A5E /* NewsCell.swift in Sources */,
				4776A3C92365AC1500B5EB13 /* SceneDelegate.swift in Sources */,
			);
			runOnlyForDeploymentPostprocessing = 0;
		};
/* End PBXSourcesBuildPhase section */

/* Begin PBXVariantGroup section */
		4776A3CC2365AC1500B5EB13 /* Main.storyboard */ = {
			isa = PBXVariantGroup;
			children = (
				4776A3CD2365AC1500B5EB13 /* Base */,
			);
			name = Main.storyboard;
			sourceTree = "<group>";
		};
		4776A3D12365AC1600B5EB13 /* LaunchScreen.storyboard */ = {
			isa = PBXVariantGroup;
			children = (
				4776A3D22365AC1600B5EB13 /* Base */,
			);
			name = LaunchScreen.storyboard;
			sourceTree = "<group>";
		};
/* End PBXVariantGroup section */

/* Begin XCBuildConfiguration section */
		4776A3D52365AC1600B5EB13 /* Debug */ = {
			isa = XCBuildConfiguration;
			buildSettings = {
				ALWAYS_SEARCH_USER_PATHS = NO;
				CLANG_ANALYZER_NONNULL = YES;
				CLANG_ANALYZER_NUMBER_OBJECT_CONVERSION = YES_AGGRESSIVE;
				CLANG_CXX_LANGUAGE_STANDARD = "gnu++14";
				CLANG_CXX_LIBRARY = "libc++";
				CLANG_ENABLE_MODULES = YES;
				CLANG_ENABLE_OBJC_ARC = YES;
				CLANG_ENABLE_OBJC_WEAK = YES;
				CLANG_WARN_BLOCK_CAPTURE_AUTORELEASING = YES;
				CLANG_WARN_BOOL_CONVERSION = YES;
				CLANG_WARN_COMMA = YES;
				CLANG_WARN_CONSTANT_CONVERSION = YES;
				CLANG_WARN_DEPRECATED_OBJC_IMPLEMENTATIONS = YES;
				CLANG_WARN_DIRECT_OBJC_ISA_USAGE = YES_ERROR;
				CLANG_WARN_DOCUMENTATION_COMMENTS = YES;
				CLANG_WARN_EMPTY_BODY = YES;
				CLANG_WARN_ENUM_CONVERSION = YES;
				CLANG_WARN_INFINITE_RECURSION = YES;
				CLANG_WARN_INT_CONVERSION = YES;
				CLANG_WARN_NON_LITERAL_NULL_CONVERSION = YES;
				CLANG_WARN_OBJC_IMPLICIT_RETAIN_SELF = YES;
				CLANG_WARN_OBJC_LITERAL_CONVERSION = YES;
				CLANG_WARN_OBJC_ROOT_CLASS = YES_ERROR;
				CLANG_WARN_RANGE_LOOP_ANALYSIS = YES;
				CLANG_WARN_STRICT_PROTOTYPES = YES;
				CLANG_WARN_SUSPICIOUS_MOVE = YES;
				CLANG_WARN_UNGUARDED_AVAILABILITY = YES_AGGRESSIVE;
				CLANG_WARN_UNREACHABLE_CODE = YES;
				CLANG_WARN__DUPLICATE_METHOD_MATCH = YES;
				COPY_PHASE_STRIP = NO;
				DEBUG_INFORMATION_FORMAT = dwarf;
				ENABLE_STRICT_OBJC_MSGSEND = YES;
				ENABLE_TESTABILITY = YES;
				GCC_C_LANGUAGE_STANDARD = gnu11;
				GCC_DYNAMIC_NO_PIC = NO;
				GCC_NO_COMMON_BLOCKS = YES;
				GCC_OPTIMIZATION_LEVEL = 0;
				GCC_PREPROCESSOR_DEFINITIONS = (
					"DEBUG=1",
					"$(inherited)",
				);
				GCC_WARN_64_TO_32_BIT_CONVERSION = YES;
				GCC_WARN_ABOUT_RETURN_TYPE = YES_ERROR;
				GCC_WARN_UNDECLARED_SELECTOR = YES;
				GCC_WARN_UNINITIALIZED_AUTOS = YES_AGGRESSIVE;
				GCC_WARN_UNUSED_FUNCTION = YES;
				GCC_WARN_UNUSED_VARIABLE = YES;
				IPHONEOS_DEPLOYMENT_TARGET = 13.1;
				MTL_ENABLE_DEBUG_INFO = INCLUDE_SOURCE;
				MTL_FAST_MATH = YES;
				ONLY_ACTIVE_ARCH = YES;
				SDKROOT = iphoneos;
				SWIFT_ACTIVE_COMPILATION_CONDITIONS = DEBUG;
				SWIFT_OPTIMIZATION_LEVEL = "-Onone";
			};
			name = Debug;
		};
		4776A3D62365AC1600B5EB13 /* Release */ = {
			isa = XCBuildConfiguration;
			buildSettings = {
				ALWAYS_SEARCH_USER_PATHS = NO;
				CLANG_ANALYZER_NONNULL = YES;
				CLANG_ANALYZER_NUMBER_OBJECT_CONVERSION = YES_AGGRESSIVE;
				CLANG_CXX_LANGUAGE_STANDARD = "gnu++14";
				CLANG_CXX_LIBRARY = "libc++";
				CLANG_ENABLE_MODULES = YES;
				CLANG_ENABLE_OBJC_ARC = YES;
				CLANG_ENABLE_OBJC_WEAK = YES;
				CLANG_WARN_BLOCK_CAPTURE_AUTORELEASING = YES;
				CLANG_WARN_BOOL_CONVERSION = YES;
				CLANG_WARN_COMMA = YES;
				CLANG_WARN_CONSTANT_CONVERSION = YES;
				CLANG_WARN_DEPRECATED_OBJC_IMPLEMENTATIONS = YES;
				CLANG_WARN_DIRECT_OBJC_ISA_USAGE = YES_ERROR;
				CLANG_WARN_DOCUMENTATION_COMMENTS = YES;
				CLANG_WARN_EMPTY_BODY = YES;
				CLANG_WARN_ENUM_CONVERSION = YES;
				CLANG_WARN_INFINITE_RECURSION = YES;
				CLANG_WARN_INT_CONVERSION = YES;
				CLANG_WARN_NON_LITERAL_NULL_CONVERSION = YES;
				CLANG_WARN_OBJC_IMPLICIT_RETAIN_SELF = YES;
				CLANG_WARN_OBJC_LITERAL_CONVERSION = YES;
				CLANG_WARN_OBJC_ROOT_CLASS = YES_ERROR;
				CLANG_WARN_RANGE_LOOP_ANALYSIS = YES;
				CLANG_WARN_STRICT_PROTOTYPES = YES;
				CLANG_WARN_SUSPICIOUS_MOVE = YES;
				CLANG_WARN_UNGUARDED_AVAILABILITY = YES_AGGRESSIVE;
				CLANG_WARN_UNREACHABLE_CODE = YES;
				CLANG_WARN__DUPLICATE_METHOD_MATCH = YES;
				COPY_PHASE_STRIP = NO;
				DEBUG_INFORMATION_FORMAT = "dwarf-with-dsym";
				ENABLE_NS_ASSERTIONS = NO;
				ENABLE_STRICT_OBJC_MSGSEND = YES;
				GCC_C_LANGUAGE_STANDARD = gnu11;
				GCC_NO_COMMON_BLOCKS = YES;
				GCC_WARN_64_TO_32_BIT_CONVERSION = YES;
				GCC_WARN_ABOUT_RETURN_TYPE = YES_ERROR;
				GCC_WARN_UNDECLARED_SELECTOR = YES;
				GCC_WARN_UNINITIALIZED_AUTOS = YES_AGGRESSIVE;
				GCC_WARN_UNUSED_FUNCTION = YES;
				GCC_WARN_UNUSED_VARIABLE = YES;
				IPHONEOS_DEPLOYMENT_TARGET = 13.1;
				MTL_ENABLE_DEBUG_INFO = NO;
				MTL_FAST_MATH = YES;
				SDKROOT = iphoneos;
				SWIFT_COMPILATION_MODE = wholemodule;
				SWIFT_OPTIMIZATION_LEVEL = "-O";
				VALIDATE_PRODUCT = YES;
			};
			name = Release;
		};
		4776A3D82365AC1600B5EB13 /* Debug */ = {
			isa = XCBuildConfiguration;
			buildSettings = {
				ASSETCATALOG_COMPILER_APPICON_NAME = AppIcon;
				CODE_SIGN_STYLE = Automatic;
				DEVELOPMENT_TEAM = Z67C29K2Q6;
				INFOPLIST_FILE = NewsApp/Info.plist;
				LD_RUNPATH_SEARCH_PATHS = (
					"$(inherited)",
					"@executable_path/Frameworks",
				);
				PRODUCT_BUNDLE_IDENTIFIER = PB.NewsApp;
				PRODUCT_NAME = "$(TARGET_NAME)";
				SWIFT_VERSION = 5.0;
				TARGETED_DEVICE_FAMILY = "1,2";
			};
			name = Debug;
		};
		4776A3D92365AC1600B5EB13 /* Release */ = {
			isa = XCBuildConfiguration;
			buildSettings = {
				ASSETCATALOG_COMPILER_APPICON_NAME = AppIcon;
				CODE_SIGN_STYLE = Automatic;
				DEVELOPMENT_TEAM = Z67C29K2Q6;
				INFOPLIST_FILE = NewsApp/Info.plist;
				LD_RUNPATH_SEARCH_PATHS = (
					"$(inherited)",
					"@executable_path/Frameworks",
				);
				PRODUCT_BUNDLE_IDENTIFIER = PB.NewsApp;
				PRODUCT_NAME = "$(TARGET_NAME)";
				SWIFT_VERSION = 5.0;
				TARGETED_DEVICE_FAMILY = "1,2";
			};
			name = Release;
		};
/* End XCBuildConfiguration section */

/* Begin XCConfigurationList section */
		4776A3BE2365AC1500B5EB13 /* Build configuration list for PBXProject "NewsApp" */ = {
			isa = XCConfigurationList;
			buildConfigurations = (
				4776A3D52365AC1600B5EB13 /* Debug */,
				4776A3D62365AC1600B5EB13 /* Release */,
			);
			defaultConfigurationIsVisible = 0;
			defaultConfigurationName = Release;
		};
		4776A3D72365AC1600B5EB13 /* Build configuration list for PBXNativeTarget "NewsApp" */ = {
			isa = XCConfigurationList;
			buildConfigurations = (
				4776A3D82365AC1600B5EB13 /* Debug */,
				4776A3D92365AC1600B5EB13 /* Release */,
			);
			defaultConfigurationIsVisible = 0;
			defaultConfigurationName = Release;
		};
/* End XCConfigurationList section */
	};
	rootObject = 4776A3BB2365AC1500B5EB13 /* Project object */;
}
